
Microsoft Visual Studio Solution File, Format Version 12.00
# Visual Studio Version 17
VisualStudioVersion = 17.10.35027.167
MinimumVisualStudioVersion = 10.0.40219.1
Project("{FAE04EC0-301F-11D3-BF4B-00C04F79EFBC}") = "RecipeDatabase", "RecipeDatabase\RecipeDatabase.csproj", "{D44273D2-2725-4ED2-93CF-BA8744153572}"
EndProject
Project("{FAE04EC0-301F-11D3-BF4B-00C04F79EFBC}") = "ConsoleApp1", "ConsoleApp1\ConsoleApp1.csproj", "{6C0D6B21-C514-42B8-B29D-0980C6E24989}"
EndProject
Project("{FAE04EC0-301F-11D3-BF4B-00C04F79EFBC}") = "RecipeDatabase1", "RecipeDatabase1\RecipeDatabase1.csproj", "{43871BC6-0724-43E4-BC36-2200EDFCCB3B}"
EndProject
Global
	GlobalSection(SolutionConfigurationPlatforms) = preSolution
		Debug|Any CPU = Debug|Any CPU
		Release|Any CPU = Release|Any CPU
	EndGlobalSection
	GlobalSection(ProjectConfigurationPlatforms) = postSolution
		{D44273D2-2725-4ED2-93CF-BA8744153572}.Debug|Any CPU.ActiveCfg = Debug|Any CPU
		{D44273D2-2725-4ED2-93CF-BA8744153572}.Debug|Any CPU.Build.0 = Debug|Any CPU
		{D44273D2-2725-4ED2-93CF-BA8744153572}.Release|Any CPU.ActiveCfg = Release|Any CPU
		{D44273D2-2725-4ED2-93CF-BA8744153572}.Release|Any CPU.Build.0 = Release|Any CPU
		{6C0D6B21-C514-42B8-B29D-0980C6E24989}.Debug|Any CPU.ActiveCfg = Debug|Any CPU
		{6C0D6B21-C514-42B8-B29D-0980C6E24989}.Debug|Any CPU.Build.0 = Debug|Any CPU
		{6C0D6B21-C514-42B8-B29D-0980C6E24989}.Release|Any CPU.ActiveCfg = Release|Any CPU
		{6C0D6B21-C514-42B8-B29D-0980C6E24989}.Release|Any CPU.Build.0 = Release|Any CPU
		{43871BC6-0724-43E4-BC36-2200EDFCCB3B}.Debug|Any CPU.ActiveCfg = Debug|Any CPU
		{43871BC6-0724-43E4-BC36-2200EDFCCB3B}.Debug|Any CPU.Build.0 = Debug|Any CPU
		{43871BC6-0724-43E4-BC36-2200EDFCCB3B}.Release|Any CPU.ActiveCfg = Release|Any CPU
		{43871BC6-0724-43E4-BC36-2200EDFCCB3B}.Release|Any CPU.Build.0 = Release|Any CPU
	EndGlobalSection
	GlobalSection(SolutionProperties) = preSolution
		HideSolutionNode = FALSE
	EndGlobalSection
	GlobalSection(ExtensibilityGlobals) = postSolution
		SolutionGuid = {034D8355-5805-4BF4-8193-C2016F5DEA47}
	EndGlobalSection
EndGlobal
